
Microsoft Visual Studio Solution File, Format Version 10.00
# Visual C++ Express 2008
Project("{8BC9CEB8-8B4A-11D0-8D11-00A0C91BC942}") = "BountyHunter", "projects\BountyHunter2008.vcproj", "{9F9DA39B-770E-4101-B242-5139BA191D4F}"
EndProject
Global
	GlobalSection(SolutionConfigurationPlatforms) = preSolution
		Debug|Win32 = Debug|Win32
		Release|Win32 = Release|Win32
	EndGlobalSection
	GlobalSection(ProjectConfigurationPlatforms) = postSolution
		{9F9DA39B-770E-4101-B242-5139BA191D4F}.Debug|Win32.ActiveCfg = Debug|Win32
		{9F9DA39B-770E-4101-B242-5139BA191D4F}.Debug|Win32.Build.0 = Debug|Win32
		{9F9DA39B-770E-4101-B242-5139BA191D4F}.Release|Win32.ActiveCfg = Release|Win32
		{9F9DA39B-770E-4101-B242-5139BA191D4F}.Release|Win32.Build.0 = Release|Win32
	EndGlobalSection
	GlobalSection(SolutionProperties) = preSolution
		HideSolutionNode = FALSE
	EndGlobalSection
EndGlobal
