
Microsoft Visual Studio Solution File, Format Version 10.00
# Visual C++ Express 2008
Project("{8BC9CEB8-8B4A-11D0-8D11-00A0C91BC942}") = "ExtraScripts", "projects\ExtraScripts2008.vcproj", "{DF7A3434-324E-418F-8F82-98A2C62366C6}"
EndProject
Global
	GlobalSection(SolutionConfigurationPlatforms) = preSolution
		Debug|Win32 = Debug|Win32
		Release|Win32 = Release|Win32
	EndGlobalSection
	GlobalSection(ProjectConfigurationPlatforms) = postSolution
		{DF7A3434-324E-418F-8F82-98A2C62366C6}.Debug|Win32.ActiveCfg = Debug|Win32
		{DF7A3434-324E-418F-8F82-98A2C62366C6}.Debug|Win32.Build.0 = Debug|Win32
		{DF7A3434-324E-418F-8F82-98A2C62366C6}.Release|Win32.ActiveCfg = Release|Win32
		{DF7A3434-324E-418F-8F82-98A2C62366C6}.Release|Win32.Build.0 = Release|Win32
	EndGlobalSection
	GlobalSection(SolutionProperties) = preSolution
		HideSolutionNode = FALSE
	EndGlobalSection
EndGlobal
